
Microsoft Visual Studio Solution File, Format Version 12.00
# Visual Studio Version 16
VisualStudioVersion = 16.0.28803.156
MinimumVisualStudioVersion = 10.0.40219.1
Project("{FAE04EC0-301F-11D3-BF4B-00C04F79EFBC}") = "Ship_cs", "Ship_cs\Ship_cs.csproj", "{6692B0FD-C701-4197-9762-1D116505B0B8}"
EndProject
Global
	GlobalSection(SolutionConfigurationPlatforms) = preSolution
		Debug|Any CPU = Debug|Any CPU
		Release|Any CPU = Release|Any CPU
	EndGlobalSection
	GlobalSection(ProjectConfigurationPlatforms) = postSolution
		{6692B0FD-C701-4197-9762-1D116505B0B8}.Debug|Any CPU.ActiveCfg = Debug|Any CPU
		{6692B0FD-C701-4197-9762-1D116505B0B8}.Debug|Any CPU.Build.0 = Debug|Any CPU
		{6692B0FD-C701-4197-9762-1D116505B0B8}.Release|Any CPU.ActiveCfg = Release|Any CPU
		{6692B0FD-C701-4197-9762-1D116505B0B8}.Release|Any CPU.Build.0 = Release|Any CPU
	EndGlobalSection
	GlobalSection(SolutionProperties) = preSolution
		HideSolutionNode = FALSE
	EndGlobalSection
	GlobalSection(ExtensibilityGlobals) = postSolution
		SolutionGuid = {9689DD72-1112-47DC-AD56-047556D3867F}
	EndGlobalSection
EndGlobal
